// !$*UTF8*$!
{
	archiveVersion = 1;
	classes = {
	};
	objectVersion = 46;
	objects = {

/* Begin PBXBuildFile section */
		8395CEA71974BD100061400A /* AppDelegate.swift in Sources */ = {isa = PBXBuildFile; fileRef = 8395CEA61974BD100061400A /* AppDelegate.swift */; };
		8395CEA91974BD100061400A /* ViewController.swift in Sources */ = {isa = PBXBuildFile; fileRef = 8395CEA81974BD100061400A /* ViewController.swift */; };
		8395CEAC1974BD100061400A /* Main.storyboard in Resources */ = {isa = PBXBuildFile; fileRef = 8395CEAA1974BD100061400A /* Main.storyboard */; };
		8395CEAE1974BD100061400A /* Images.xcassets in Resources */ = {isa = PBXBuildFile; fileRef = 8395CEAD1974BD100061400A /* Images.xcassets */; };
		8395CEC41974BD8E0061400A /* LeapTest.swift in Sources */ = {isa = PBXBuildFile; fileRef = 8395CEC31974BD8E0061400A /* LeapTest.swift */; };
		8395CEC61974BDD60061400A /* Year.swift in Sources */ = {isa = PBXBuildFile; fileRef = 8395CEC51974BDD60061400A /* Year.swift */; };
		8395CEC71974BED60061400A /* Year.swift in Sources */ = {isa = PBXBuildFile; fileRef = 8395CEC51974BDD60061400A /* Year.swift */; };
/* End PBXBuildFile section */

/* Begin PBXContainerItemProxy section */
		8395CEB41974BD100061400A /* PBXContainerItemProxy */ = {
			isa = PBXContainerItemProxy;
			containerPortal = 8395CE991974BD100061400A /* Project object */;
			proxyType = 1;
			remoteGlobalIDString = 8395CEA01974BD100061400A;
			remoteInfo = Leap;
		};
/* End PBXContainerItemProxy section */

/* Begin PBXFileReference section */
		8395CEA11974BD100061400A /* Leap.app */ = {isa = PBXFileReference; explicitFileType = wrapper.application; includeInIndex = 0; path = Leap.app; sourceTree = BUILT_PRODUCTS_DIR; };
		8395CEA51974BD100061400A /* Info.plist */ = {isa = PBXFileReference; lastKnownFileType = text.plist.xml; path = Info.plist; sourceTree = "<group>"; };
		8395CEA61974BD100061400A /* AppDelegate.swift */ = {isa = PBXFileReference; lastKnownFileType = sourcecode.swift; path = AppDelegate.swift; sourceTree = "<group>"; };
		8395CEA81974BD100061400A /* ViewController.swift */ = {isa = PBXFileReference; lastKnownFileType = sourcecode.swift; path = ViewController.swift; sourceTree = "<group>"; };
		8395CEAB1974BD100061400A /* Base */ = {isa = PBXFileReference; lastKnownFileType = file.storyboard; name = Base; path = Base.lproj/Main.storyboard; sourceTree = "<group>"; };
		8395CEAD1974BD100061400A /* Images.xcassets */ = {isa = PBXFileReference; lastKnownFileType = folder.assetcatalog; path = Images.xcassets; sourceTree = "<group>"; };
		8395CEB31974BD100061400A /* LeapTests.xctest */ = {isa = PBXFileReference; explicitFileType = wrapper.cfbundle; includeInIndex = 0; path = LeapTests.xctest; sourceTree = BUILT_PRODUCTS_DIR; };
		8395CEB81974BD100061400A /* Info.plist */ = {isa = PBXFileReference; lastKnownFileType = text.plist.xml; path = Info.plist; sourceTree = "<group>"; };
		8395CEC31974BD8E0061400A /* LeapTest.swift */ = {isa = PBXFileReference; fileEncoding = 4; lastKnownFileType = sourcecode.swift; path = LeapTest.swift; sourceTree = "<group>"; };
		8395CEC51974BDD60061400A /* Year.swift */ = {isa = PBXFileReference; fileEncoding = 4; lastKnownFileType = sourcecode.swift; path = Year.swift; sourceTree = "<group>"; };
/* End PBXFileReference section */

/* Begin PBXFrameworksBuildPhase section */
		8395CE9E1974BD100061400A /* Frameworks */ = {
			isa = PBXFrameworksBuildPhase;
			buildActionMask = 2147483647;
			files = (
			);
			runOnlyForDeploymentPostprocessing = 0;
		};
		8395CEB01974BD100061400A /* Frameworks */ = {
			isa = PBXFrameworksBuildPhase;
			buildActionMask = 2147483647;
			files = (
			);
			runOnlyForDeploymentPostprocessing = 0;
		};
/* End PBXFrameworksBuildPhase section */

/* Begin PBXGroup section */
		8395CE981974BD100061400A = {
			isa = PBXGroup;
			children = (
				8395CEA31974BD100061400A /* Leap */,
				8395CEB61974BD100061400A /* LeapTests */,
				8395CEA21974BD100061400A /* Products */,
			);
			sourceTree = "<group>";
		};
		8395CEA21974BD100061400A /* Products */ = {
			isa = PBXGroup;
			children = (
				8395CEA11974BD100061400A /* Leap.app */,
				8395CEB31974BD100061400A /* LeapTests.xctest */,
			);
			name = Products;
			sourceTree = "<group>";
		};
		8395CEA31974BD100061400A /* Leap */ = {
			isa = PBXGroup;
			children = (
				8395CEA61974BD100061400A /* AppDelegate.swift */,
				8395CEA81974BD100061400A /* ViewController.swift */,
				8395CEAA1974BD100061400A /* Main.storyboard */,
				8395CEAD1974BD100061400A /* Images.xcassets */,
				8395CEA41974BD100061400A /* Supporting Files */,
				8395CEC51974BDD60061400A /* Year.swift */,
			);
			path = Leap;
			sourceTree = "<group>";
		};
		8395CEA41974BD100061400A /* Supporting Files */ = {
			isa = PBXGroup;
			children = (
				8395CEA51974BD100061400A /* Info.plist */,
			);
			name = "Supporting Files";
			sourceTree = "<group>";
		};
		8395CEB61974BD100061400A /* LeapTests */ = {
			isa = PBXGroup;
			children = (
				8395CEC31974BD8E0061400A /* LeapTest.swift */,
				8395CEB71974BD100061400A /* Supporting Files */,
			);
			path = LeapTests;
			sourceTree = "<group>";
		};
		8395CEB71974BD100061400A /* Supporting Files */ = {
			isa = PBXGroup;
			children = (
				8395CEB81974BD100061400A /* Info.plist */,
			);
			name = "Supporting Files";
			sourceTree = "<group>";
		};
/* End PBXGroup section */

/* Begin PBXNativeTarget section */
		8395CEA01974BD100061400A /* Leap */ = {
			isa = PBXNativeTarget;
			buildConfigurationList = 8395CEBD1974BD100061400A /* Build configuration list for PBXNativeTarget "Leap" */;
			buildPhases = (
				8395CE9D1974BD100061400A /* Sources */,
				8395CE9E1974BD100061400A /* Frameworks */,
				8395CE9F1974BD100061400A /* Resources */,
			);
			buildRules = (
			);
			dependencies = (
			);
			name = Leap;
			productName = Leap;
			productReference = 8395CEA11974BD100061400A /* Leap.app */;
			productType = "com.apple.product-type.application";
		};
		8395CEB21974BD100061400A /* LeapTests */ = {
			isa = PBXNativeTarget;
			buildConfigurationList = 8395CEC01974BD100061400A /* Build configuration list for PBXNativeTarget "LeapTests" */;
			buildPhases = (
				8395CEAF1974BD100061400A /* Sources */,
				8395CEB01974BD100061400A /* Frameworks */,
				8395CEB11974BD100061400A /* Resources */,
			);
			buildRules = (
			);
			dependencies = (
				8395CEB51974BD100061400A /* PBXTargetDependency */,
			);
			name = LeapTests;
			productName = LeapTests;
			productReference = 8395CEB31974BD100061400A /* LeapTests.xctest */;
			productType = "com.apple.product-type.bundle.unit-test";
		};
/* End PBXNativeTarget section */

/* Begin PBXProject section */
		8395CE991974BD100061400A /* Project object */ = {
			isa = PBXProject;
			attributes = {
				LastUpgradeCheck = 0600;
				ORGANIZATIONNAME = "Chris McKnight";
				TargetAttributes = {
					8395CEA01974BD100061400A = {
						CreatedOnToolsVersion = 6.0;
					};
					8395CEB21974BD100061400A = {
						CreatedOnToolsVersion = 6.0;
						TestTargetID = 8395CEA01974BD100061400A;
					};
				};
			};
			buildConfigurationList = 8395CE9C1974BD100061400A /* Build configuration list for PBXProject "Leap" */;
			compatibilityVersion = "Xcode 3.2";
			developmentRegion = English;
			hasScannedForEncodings = 0;
			knownRegions = (
				en,
				Base,
			);
			mainGroup = 8395CE981974BD100061400A;
			productRefGroup = 8395CEA21974BD100061400A /* Products */;
			projectDirPath = "";
			projectRoot = "";
			targets = (
				8395CEA01974BD100061400A /* Leap */,
				8395CEB21974BD100061400A /* LeapTests */,
			);
		};
/* End PBXProject section */

/* Begin PBXResourcesBuildPhase section */
		8395CE9F1974BD100061400A /* Resources */ = {
			isa = PBXResourcesBuildPhase;
			buildActionMask = 2147483647;
			files = (
				8395CEAC1974BD100061400A /* Main.storyboard in Resources */,
				8395CEAE1974BD100061400A /* Images.xcassets in Resources */,
			);
			runOnlyForDeploymentPostprocessing = 0;
		};
		8395CEB11974BD100061400A /* Resources */ = {
			isa = PBXResourcesBuildPhase;
			buildActionMask = 2147483647;
			files = (
			);
			runOnlyForDeploymentPostprocessing = 0;
		};
/* End PBXResourcesBuildPhase section */

/* Begin PBXSourcesBuildPhase section */
		8395CE9D1974BD100061400A /* Sources */ = {
			isa = PBXSourcesBuildPhase;
			buildActionMask = 2147483647;
			files = (
				8395CEA91974BD100061400A /* ViewController.swift in Sources */,
				8395CEC61974BDD60061400A /* Year.swift in Sources */,
				8395CEA71974BD100061400A /* AppDelegate.swift in Sources */,
			);
			runOnlyForDeploymentPostprocessing = 0;
		};
		8395CEAF1974BD100061400A /* Sources */ = {
			isa = PBXSourcesBuildPhase;
			buildActionMask = 2147483647;
			files = (
				8395CEC71974BED60061400A /* Year.swift in Sources */,
				8395CEC41974BD8E0061400A /* LeapTest.swift in Sources */,
			);
			runOnlyForDeploymentPostprocessing = 0;
		};
/* End PBXSourcesBuildPhase section */

/* Begin PBXTargetDependency section */
		8395CEB51974BD100061400A /* PBXTargetDependency */ = {
			isa = PBXTargetDependency;
			target = 8395CEA01974BD100061400A /* Leap */;
			targetProxy = 8395CEB41974BD100061400A /* PBXContainerItemProxy */;
		};
/* End PBXTargetDependency section */

/* Begin PBXVariantGroup section */
		8395CEAA1974BD100061400A /* Main.storyboard */ = {
			isa = PBXVariantGroup;
			children = (
				8395CEAB1974BD100061400A /* Base */,
			);
			name = Main.storyboard;
			sourceTree = "<group>";
		};
/* End PBXVariantGroup section */

/* Begin XCBuildConfiguration section */
		8395CEBB1974BD100061400A /* Debug */ = {
			isa = XCBuildConfiguration;
			buildSettings = {
				ALWAYS_SEARCH_USER_PATHS = NO;
				CLANG_CXX_LANGUAGE_STANDARD = "gnu++0x";
				CLANG_CXX_LIBRARY = "libc++";
				CLANG_ENABLE_MODULES = YES;
				CLANG_ENABLE_OBJC_ARC = YES;
				CLANG_WARN_BOOL_CONVERSION = YES;
				CLANG_WARN_CONSTANT_CONVERSION = YES;
				CLANG_WARN_DIRECT_OBJC_ISA_USAGE = YES_ERROR;
				CLANG_WARN_EMPTY_BODY = YES;
				CLANG_WARN_ENUM_CONVERSION = YES;
				CLANG_WARN_INT_CONVERSION = YES;
				CLANG_WARN_OBJC_ROOT_CLASS = YES_ERROR;
				CLANG_WARN_UNREACHABLE_CODE = YES;
				CLANG_WARN__DUPLICATE_METHOD_MATCH = YES;
				"CODE_SIGN_IDENTITY[sdk=iphoneos*]" = "iPhone Developer";
				COPY_PHASE_STRIP = NO;
				ENABLE_STRICT_OBJC_MSGSEND = YES;
				GCC_C_LANGUAGE_STANDARD = gnu99;
				GCC_DYNAMIC_NO_PIC = NO;
				GCC_OPTIMIZATION_LEVEL = 0;
				GCC_PREPROCESSOR_DEFINITIONS = (
					"DEBUG=1",
					"$(inherited)",
				);
				GCC_SYMBOLS_PRIVATE_EXTERN = NO;
				GCC_WARN_64_TO_32_BIT_CONVERSION = YES;
				GCC_WARN_ABOUT_RETURN_TYPE = YES_ERROR;
				GCC_WARN_UNDECLARED_SELECTOR = YES;
				GCC_WARN_UNINITIALIZED_AUTOS = YES_AGGRESSIVE;
				GCC_WARN_UNUSED_FUNCTION = YES;
				GCC_WARN_UNUSED_VARIABLE = YES;
				IPHONEOS_DEPLOYMENT_TARGET = 8.0;
				MTL_ENABLE_DEBUG_INFO = YES;
				ONLY_ACTIVE_ARCH = YES;
				SDKROOT = iphoneos;
				SWIFT_OPTIMIZATION_LEVEL = "-Onone";
			};
			name = Debug;
		};
		8395CEBC1974BD100061400A /* Release */ = {
			isa = XCBuildConfiguration;
			buildSettings = {
				ALWAYS_SEARCH_USER_PATHS = NO;
				CLANG_CXX_LANGUAGE_STANDARD = "gnu++0x";
				CLANG_CXX_LIBRARY = "libc++";
				CLANG_ENABLE_MODULES = YES;
				CLANG_ENABLE_OBJC_ARC = YES;
				CLANG_WARN_BOOL_CONVERSION = YES;
				CLANG_WARN_CONSTANT_CONVERSION = YES;
				CLANG_WARN_DIRECT_OBJC_ISA_USAGE = YES_ERROR;
				CLANG_WARN_EMPTY_BODY = YES;
				CLANG_WARN_ENUM_CONVERSION = YES;
				CLANG_WARN_INT_CONVERSION = YES;
				CLANG_WARN_OBJC_ROOT_CLASS = YES_ERROR;
				CLANG_WARN_UNREACHABLE_CODE = YES;
				CLANG_WARN__DUPLICATE_METHOD_MATCH = YES;
				"CODE_SIGN_IDENTITY[sdk=iphoneos*]" = "iPhone Developer";
				COPY_PHASE_STRIP = YES;
				ENABLE_NS_ASSERTIONS = NO;
				ENABLE_STRICT_OBJC_MSGSEND = YES;
				GCC_C_LANGUAGE_STANDARD = gnu99;
				GCC_WARN_64_TO_32_BIT_CONVERSION = YES;
				GCC_WARN_ABOUT_RETURN_TYPE = YES_ERROR;
				GCC_WARN_UNDECLARED_SELECTOR = YES;
				GCC_WARN_UNINITIALIZED_AUTOS = YES_AGGRESSIVE;
				GCC_WARN_UNUSED_FUNCTION = YES;
				GCC_WARN_UNUSED_VARIABLE = YES;
				IPHONEOS_DEPLOYMENT_TARGET = 8.0;
				MTL_ENABLE_DEBUG_INFO = NO;
				SDKROOT = iphoneos;
				VALIDATE_PRODUCT = YES;
			};
			name = Release;
		};
		8395CEBE1974BD100061400A /* Debug */ = {
			isa = XCBuildConfiguration;
			buildSettings = {
				ASSETCATALOG_COMPILER_APPICON_NAME = AppIcon;
				ASSETCATALOG_COMPILER_LAUNCHIMAGE_NAME = LaunchImage;
				INFOPLIST_FILE = Leap/Info.plist;
				LD_RUNPATH_SEARCH_PATHS = "$(inherited) @executable_path/Frameworks";
				PRODUCT_NAME = "$(TARGET_NAME)";
			};
			name = Debug;
		};
		8395CEBF1974BD100061400A /* Release */ = {
			isa = XCBuildConfiguration;
			buildSettings = {
				ASSETCATALOG_COMPILER_APPICON_NAME = AppIcon;
				ASSETCATALOG_COMPILER_LAUNCHIMAGE_NAME = LaunchImage;
				INFOPLIST_FILE = Leap/Info.plist;
				LD_RUNPATH_SEARCH_PATHS = "$(inherited) @executable_path/Frameworks";
				PRODUCT_NAME = "$(TARGET_NAME)";
			};
			name = Release;
		};
		8395CEC11974BD100061400A /* Debug */ = {
			isa = XCBuildConfiguration;
			buildSettings = {
				BUNDLE_LOADER = "$(BUILT_PRODUCTS_DIR)/Leap.app/Leap";
				FRAMEWORK_SEARCH_PATHS = (
					"$(SDKROOT)/Developer/Library/Frameworks",
					"$(inherited)",
				);
				GCC_PREPROCESSOR_DEFINITIONS = (
					"DEBUG=1",
					"$(inherited)",
				);
				INFOPLIST_FILE = LeapTests/Info.plist;
				LD_RUNPATH_SEARCH_PATHS = "$(inherited) @executable_path/Frameworks @loader_path/Frameworks";
				PRODUCT_NAME = "$(TARGET_NAME)";
				TEST_HOST = "$(BUNDLE_LOADER)";
			};
			name = Debug;
		};
		8395CEC21974BD100061400A /* Release */ = {
			isa = XCBuildConfiguration;
			buildSettings = {
				BUNDLE_LOADER = "$(BUILT_PRODUCTS_DIR)/Leap.app/Leap";
				FRAMEWORK_SEARCH_PATHS = (
					"$(SDKROOT)/Developer/Library/Frameworks",
					"$(inherited)",
				);
				INFOPLIST_FILE = LeapTests/Info.plist;
				LD_RUNPATH_SEARCH_PATHS = "$(inherited) @executable_path/Frameworks @loader_path/Frameworks";
				PRODUCT_NAME = "$(TARGET_NAME)";
				TEST_HOST = "$(BUNDLE_LOADER)";
			};
			name = Release;
		};
/* End XCBuildConfiguration section */

/* Begin XCConfigurationList section */
		8395CE9C1974BD100061400A /* Build configuration list for PBXProject "Leap" */ = {
			isa = XCConfigurationList;
			buildConfigurations = (
				8395CEBB1974BD100061400A /* Debug */,
				8395CEBC1974BD100061400A /* Release */,
			);
			defaultConfigurationIsVisible = 0;
			defaultConfigurationName = Release;
		};
		8395CEBD1974BD100061400A /* Build configuration list for PBXNativeTarget "Leap" */ = {
			isa = XCConfigurationList;
			buildConfigurations = (
				8395CEBE1974BD100061400A /* Debug */,
				8395CEBF1974BD100061400A /* Release */,
			);
			defaultConfigurationIsVisible = 0;
			defaultConfigurationName = Release;
		};
		8395CEC01974BD100061400A /* Build configuration list for PBXNativeTarget "LeapTests" */ = {
			isa = XCConfigurationList;
			buildConfigurations = (
				8395CEC11974BD100061400A /* Debug */,
				8395CEC21974BD100061400A /* Release */,
			);
			defaultConfigurationIsVisible = 0;
			defaultConfigurationName = Release;
		};
/* End XCConfigurationList section */
	};
	rootObject = 8395CE991974BD100061400A /* Project object */;
}
